{
    "_readme": [
        "This file locks the dependencies of your project to a known state",
        "Read more about it at https://getcomposer.org/doc/01-basic-usage.md#composer-lock-the-lock-file",
        "This file is @generated automatically"
    ],
    "hash": "ca31658dc7d691c497e0cc3d5da55e8e",
    "content-hash": "e33c79ef7712fff1b05ec97727d974a8",
    "packages": [
        {
            "name": "ifsnop/mysqldump-php",
            "version": "v2.9",
            "source": {
                "type": "git",
                "url": "https://github.com/ifsnop/mysqldump-php.git",
                "reference": "fc9c119fe5d70af9a685cad6a8ac612fd7589e25"
            },
            "dist": {
                "type": "zip",
                "url": "https://api.github.com/repos/ifsnop/mysqldump-php/zipball/fc9c119fe5d70af9a685cad6a8ac612fd7589e25",
                "reference": "fc9c119fe5d70af9a685cad6a8ac612fd7589e25",
                "shasum": ""
            },
            "require": {
                "php": ">=5.3.0"
            },
            "require-dev": {
                "phpunit/phpunit": "4.8.36",
                "squizlabs/php_codesniffer": "1.*"
            },
            "type": "library",
            "autoload": {
                "psr-4": {
                    "Ifsnop\\": "src/Ifsnop/"
                }
            },
            "notification-url": "https://packagist.org/downloads/",
            "license": [
                "GPL-3.0-or-later"
            ],
            "authors": [
                {
                    "name": "Diego Torres",
                    "homepage": "https://github.com/ifsnop",
                    "role": "Developer"
                }
            ],
            "description": "PHP version of mysqldump cli that comes with MySQL",
            "homepage": "https://github.com/ifsnop/mysqldump-php",
            "keywords": [
                "PHP7",
                "database",
                "hhvm",
                "mariadb",
                "mysql",
                "mysql-backup",
                "mysqldump",
                "pdo",
                "php",
                "php5",
                "sql"
            ],
            "time": "2020-04-03 14:40:40"
        },
        {
            "name": "php-parallel-lint/php-console-color",
            "version": "v0.3",
            "source": {
                "type": "git",
                "url": "https://github.com/php-parallel-lint/PHP-Console-Color.git",
                "reference": "b6af326b2088f1ad3b264696c9fd590ec395b49e"
            },
            "dist": {
                "type": "zip",
                "url": "https://api.github.com/repos/php-parallel-lint/PHP-Console-Color/zipball/b6af326b2088f1ad3b264696c9fd590ec395b49e",
                "reference": "b6af326b2088f1ad3b264696c9fd590ec395b49e",
                "shasum": ""
            },
            "require": {
                "php": ">=5.4.0"
            },
            "replace": {
                "jakub-onderka/php-console-color": "*"
            },
            "require-dev": {
                "php-parallel-lint/php-code-style": "1.0",
                "php-parallel-lint/php-parallel-lint": "1.0",
                "php-parallel-lint/php-var-dump-check": "0.*",
                "phpunit/phpunit": "~4.3",
                "squizlabs/php_codesniffer": "1.*"
            },
            "type": "library",
            "autoload": {
                "psr-4": {
                    "JakubOnderka\\PhpConsoleColor\\": "src/"
                }
            },
            "notification-url": "https://packagist.org/downloads/",
            "license": [
                "BSD-2-Clause"
            ],
            "authors": [
                {
                    "name": "Jakub Onderka",
                    "email": "jakub.onderka@gmail.com"
                }
            ],
            "time": "2020-05-14 05:47:14"
        }
    ],
    "packages-dev": [],
    "aliases": [],
    "minimum-stability": "stable",
    "stability-flags": [],
    "prefer-stable": false,
    "prefer-lowest": false,
    "platform": [],
    "platform-dev": []
}
